
Microsoft Visual Studio Solution File, Format Version 12.00
# Visual Studio Version 17
VisualStudioVersion = 17.8.34525.116
MinimumVisualStudioVersion = 10.0.40219.1
Project("{FAE04EC0-301F-11D3-BF4B-00C04F79EFBC}") = "MMSDotNetCore.ConsoleApp", "MMSDotNetCore.ConsoleApp\MMSDotNetCore.ConsoleApp.csproj", "{087DC469-E2A9-4B0A-9438-A9E7D0A5527C}"
EndProject
Project("{2150E333-8FDC-42A3-9474-1A3956D46DE8}") = "Documents", "Documents", "{99F743DE-1C95-404E-B661-7DB80EF85B6C}"
	ProjectSection(SolutionItems) = preProject
		README.md = README.md
	EndProjectSection
EndProject
Global
	GlobalSection(SolutionConfigurationPlatforms) = preSolution
		Debug|Any CPU = Debug|Any CPU
		Release|Any CPU = Release|Any CPU
	EndGlobalSection
	GlobalSection(ProjectConfigurationPlatforms) = postSolution
		{087DC469-E2A9-4B0A-9438-A9E7D0A5527C}.Debug|Any CPU.ActiveCfg = Debug|Any CPU
		{087DC469-E2A9-4B0A-9438-A9E7D0A5527C}.Debug|Any CPU.Build.0 = Debug|Any CPU
		{087DC469-E2A9-4B0A-9438-A9E7D0A5527C}.Release|Any CPU.ActiveCfg = Release|Any CPU
		{087DC469-E2A9-4B0A-9438-A9E7D0A5527C}.Release|Any CPU.Build.0 = Release|Any CPU
	EndGlobalSection
	GlobalSection(SolutionProperties) = preSolution
		HideSolutionNode = FALSE
	EndGlobalSection
	GlobalSection(ExtensibilityGlobals) = postSolution
		SolutionGuid = {D36675BA-F863-45C4-B09C-6F43DE436134}
	EndGlobalSection
EndGlobal
