
Microsoft Visual Studio Solution File, Format Version 12.00
# Visual Studio Version 17
VisualStudioVersion = 17.8.34525.116
MinimumVisualStudioVersion = 10.0.40219.1
Project("{9A19103F-16F7-4668-BE54-9A1E7A4F7556}") = "MMSDotNetCore.ConsoleApp", "MMSDotNetCore.ConsoleApp\MMSDotNetCore.ConsoleApp.csproj", "{087DC469-E2A9-4B0A-9438-A9E7D0A5527C}"
EndProject
Project("{2150E333-8FDC-42A3-9474-1A3956D46DE8}") = "Documents", "Documents", "{99F743DE-1C95-404E-B661-7DB80EF85B6C}"
	ProjectSection(SolutionItems) = preProject
		README.md = README.md
	EndProjectSection
EndProject
Project("{9A19103F-16F7-4668-BE54-9A1E7A4F7556}") = "MMSDotNetCore.RestApi", "MMSDotNetCore.RestApi\MMSDotNetCore.RestApi.csproj", "{00846019-625F-45F0-88C4-DF60144785BA}"
EndProject
Project("{9A19103F-16F7-4668-BE54-9A1E7A4F7556}") = "MMSDotNetCore.Shared", "MMSDotNetCore.Shared\MMSDotNetCore.Shared.csproj", "{C9879247-0B85-4E02-BFA8-60D0216BA77E}"
EndProject
Project("{9A19103F-16F7-4668-BE54-9A1E7A4F7556}") = "MMSDotNetCore.RestApiWithNLayer", "MMSDotNetCore.RestApiWithNLayer\MMSDotNetCore.RestApiWithNLayer.csproj", "{25D6EA84-2EB0-44EC-8C0C-A980F6290C97}"
EndProject
Project("{9A19103F-16F7-4668-BE54-9A1E7A4F7556}") = "MMSDotNetCore.ConsoleAppHttpClient", "MMSDotNetCore.ConsoleAppHttpClient\MMSDotNetCore.ConsoleAppHttpClient.csproj", "{F36BFEF8-DD9F-4F01-A8B9-E4C93B904179}"
EndProject
Project("{9A19103F-16F7-4668-BE54-9A1E7A4F7556}") = "MMSDotNetCore.ConsoleAppHttpClientExample", "MMSDotNetCore.ConsoleAppHttpClientExample\MMSDotNetCore.ConsoleAppHttpClientExample.csproj", "{41A0B491-4904-4EA8-B70F-A86816F6EA6B}"
EndProject
Project("{9A19103F-16F7-4668-BE54-9A1E7A4F7556}") = "MMSDotNetCore.ConsoleAppRestClientExample", "MMSDotNetCore.ConsoleAppRestClientExample\MMSDotNetCore.ConsoleAppRestClientExample.csproj", "{FF4AEDAA-7B48-4489-8D3E-0C2774AAD935}"
EndProject
Project("{9A19103F-16F7-4668-BE54-9A1E7A4F7556}") = "MMSDotNetCore.PizzaApi", "MMSDotNetCore.PizzaApi\MMSDotNetCore.PizzaApi.csproj", "{D5E7FEEA-2943-4B9D-A728-E8B42DCB4930}"
EndProject
Project("{9A19103F-16F7-4668-BE54-9A1E7A4F7556}") = "MMSDotNetCore.ConsoleAppRefitExample", "MMSDotNetCore.ConsoleAppRefitExample\MMSDotNetCore.ConsoleAppRefitExample.csproj", "{0B0935B6-1879-4301-9190-9F80BFA2CAAE}"
EndProject
Project("{9A19103F-16F7-4668-BE54-9A1E7A4F7556}") = "MMSDotNetCore.WindowFormApp", "MMSDotNetCore.WindowFormApp\MMSDotNetCore.WindowFormApp.csproj", "{3B760F5C-9169-40DD-AE66-2AD10DC2C65E}"
EndProject
Project("{9A19103F-16F7-4668-BE54-9A1E7A4F7556}") = "MMSDotNetCore.WindowFormAppSqlInjecrion", "WinFormsAppSqlInjection\MMSDotNetCore.WindowFormAppSqlInjecrion.csproj", "{D4C5DB28-08E4-4B67-A59F-D7B7B9D61DB9}"
EndProject
Project("{9A19103F-16F7-4668-BE54-9A1E7A4F7556}") = "MMSDotNetCore.NLayer.UI", "MMSDotNetCore.ConsoleAppNLayer\MMSDotNetCore.NLayer.UI.csproj", "{F1C68307-47A3-4134-B848-EAEFF5CF7BDD}"
EndProject
Project("{9A19103F-16F7-4668-BE54-9A1E7A4F7556}") = "MMSDotNetCore.NLayer.BusinessLogic", "MMSDotNetCore.NLayer.BusinessLogic\MMSDotNetCore.NLayer.BusinessLogic.csproj", "{8F836193-3A96-442F-BD31-6EC52647F4C3}"
EndProject
Project("{9A19103F-16F7-4668-BE54-9A1E7A4F7556}") = "MMSDotNetCore.NLayer.DataAccess", "MMSDotNetCore.NLayer.DataAccess\MMSDotNetCore.NLayer.DataAccess.csproj", "{E3386395-177C-4976-8986-89E2223C6DDB}"
EndProject
Project("{FAE04EC0-301F-11D3-BF4B-00C04F79EFBC}") = "MinimalApi", "MinimalApi\MinimalApi.csproj", "{6341F9C0-B0FD-4C4D-BAC4-D29535C6A40A}"
EndProject
Global
	GlobalSection(SolutionConfigurationPlatforms) = preSolution
		Debug|Any CPU = Debug|Any CPU
		Release|Any CPU = Release|Any CPU
	EndGlobalSection
	GlobalSection(ProjectConfigurationPlatforms) = postSolution
		{087DC469-E2A9-4B0A-9438-A9E7D0A5527C}.Debug|Any CPU.ActiveCfg = Debug|Any CPU
		{087DC469-E2A9-4B0A-9438-A9E7D0A5527C}.Debug|Any CPU.Build.0 = Debug|Any CPU
		{087DC469-E2A9-4B0A-9438-A9E7D0A5527C}.Release|Any CPU.ActiveCfg = Release|Any CPU
		{087DC469-E2A9-4B0A-9438-A9E7D0A5527C}.Release|Any CPU.Build.0 = Release|Any CPU
		{00846019-625F-45F0-88C4-DF60144785BA}.Debug|Any CPU.ActiveCfg = Debug|Any CPU
		{00846019-625F-45F0-88C4-DF60144785BA}.Debug|Any CPU.Build.0 = Debug|Any CPU
		{00846019-625F-45F0-88C4-DF60144785BA}.Release|Any CPU.ActiveCfg = Release|Any CPU
		{00846019-625F-45F0-88C4-DF60144785BA}.Release|Any CPU.Build.0 = Release|Any CPU
		{C9879247-0B85-4E02-BFA8-60D0216BA77E}.Debug|Any CPU.ActiveCfg = Debug|Any CPU
		{C9879247-0B85-4E02-BFA8-60D0216BA77E}.Debug|Any CPU.Build.0 = Debug|Any CPU
		{C9879247-0B85-4E02-BFA8-60D0216BA77E}.Release|Any CPU.ActiveCfg = Release|Any CPU
		{C9879247-0B85-4E02-BFA8-60D0216BA77E}.Release|Any CPU.Build.0 = Release|Any CPU
		{25D6EA84-2EB0-44EC-8C0C-A980F6290C97}.Debug|Any CPU.ActiveCfg = Debug|Any CPU
		{25D6EA84-2EB0-44EC-8C0C-A980F6290C97}.Debug|Any CPU.Build.0 = Debug|Any CPU
		{25D6EA84-2EB0-44EC-8C0C-A980F6290C97}.Release|Any CPU.ActiveCfg = Release|Any CPU
		{25D6EA84-2EB0-44EC-8C0C-A980F6290C97}.Release|Any CPU.Build.0 = Release|Any CPU
		{F36BFEF8-DD9F-4F01-A8B9-E4C93B904179}.Debug|Any CPU.ActiveCfg = Debug|Any CPU
		{F36BFEF8-DD9F-4F01-A8B9-E4C93B904179}.Debug|Any CPU.Build.0 = Debug|Any CPU
		{F36BFEF8-DD9F-4F01-A8B9-E4C93B904179}.Release|Any CPU.ActiveCfg = Release|Any CPU
		{F36BFEF8-DD9F-4F01-A8B9-E4C93B904179}.Release|Any CPU.Build.0 = Release|Any CPU
		{41A0B491-4904-4EA8-B70F-A86816F6EA6B}.Debug|Any CPU.ActiveCfg = Debug|Any CPU
		{41A0B491-4904-4EA8-B70F-A86816F6EA6B}.Debug|Any CPU.Build.0 = Debug|Any CPU
		{41A0B491-4904-4EA8-B70F-A86816F6EA6B}.Release|Any CPU.ActiveCfg = Release|Any CPU
		{41A0B491-4904-4EA8-B70F-A86816F6EA6B}.Release|Any CPU.Build.0 = Release|Any CPU
		{FF4AEDAA-7B48-4489-8D3E-0C2774AAD935}.Debug|Any CPU.ActiveCfg = Debug|Any CPU
		{FF4AEDAA-7B48-4489-8D3E-0C2774AAD935}.Debug|Any CPU.Build.0 = Debug|Any CPU
		{FF4AEDAA-7B48-4489-8D3E-0C2774AAD935}.Release|Any CPU.ActiveCfg = Release|Any CPU
		{FF4AEDAA-7B48-4489-8D3E-0C2774AAD935}.Release|Any CPU.Build.0 = Release|Any CPU
		{D5E7FEEA-2943-4B9D-A728-E8B42DCB4930}.Debug|Any CPU.ActiveCfg = Debug|Any CPU
		{D5E7FEEA-2943-4B9D-A728-E8B42DCB4930}.Debug|Any CPU.Build.0 = Debug|Any CPU
		{D5E7FEEA-2943-4B9D-A728-E8B42DCB4930}.Release|Any CPU.ActiveCfg = Release|Any CPU
		{D5E7FEEA-2943-4B9D-A728-E8B42DCB4930}.Release|Any CPU.Build.0 = Release|Any CPU
		{0B0935B6-1879-4301-9190-9F80BFA2CAAE}.Debug|Any CPU.ActiveCfg = Debug|Any CPU
		{0B0935B6-1879-4301-9190-9F80BFA2CAAE}.Debug|Any CPU.Build.0 = Debug|Any CPU
		{0B0935B6-1879-4301-9190-9F80BFA2CAAE}.Release|Any CPU.ActiveCfg = Release|Any CPU
		{0B0935B6-1879-4301-9190-9F80BFA2CAAE}.Release|Any CPU.Build.0 = Release|Any CPU
		{3B760F5C-9169-40DD-AE66-2AD10DC2C65E}.Debug|Any CPU.ActiveCfg = Debug|Any CPU
		{3B760F5C-9169-40DD-AE66-2AD10DC2C65E}.Debug|Any CPU.Build.0 = Debug|Any CPU
		{3B760F5C-9169-40DD-AE66-2AD10DC2C65E}.Release|Any CPU.ActiveCfg = Release|Any CPU
		{3B760F5C-9169-40DD-AE66-2AD10DC2C65E}.Release|Any CPU.Build.0 = Release|Any CPU
		{D4C5DB28-08E4-4B67-A59F-D7B7B9D61DB9}.Debug|Any CPU.ActiveCfg = Debug|Any CPU
		{D4C5DB28-08E4-4B67-A59F-D7B7B9D61DB9}.Debug|Any CPU.Build.0 = Debug|Any CPU
		{D4C5DB28-08E4-4B67-A59F-D7B7B9D61DB9}.Release|Any CPU.ActiveCfg = Release|Any CPU
		{D4C5DB28-08E4-4B67-A59F-D7B7B9D61DB9}.Release|Any CPU.Build.0 = Release|Any CPU
		{F1C68307-47A3-4134-B848-EAEFF5CF7BDD}.Debug|Any CPU.ActiveCfg = Debug|Any CPU
		{F1C68307-47A3-4134-B848-EAEFF5CF7BDD}.Debug|Any CPU.Build.0 = Debug|Any CPU
		{F1C68307-47A3-4134-B848-EAEFF5CF7BDD}.Release|Any CPU.ActiveCfg = Release|Any CPU
		{F1C68307-47A3-4134-B848-EAEFF5CF7BDD}.Release|Any CPU.Build.0 = Release|Any CPU
		{8F836193-3A96-442F-BD31-6EC52647F4C3}.Debug|Any CPU.ActiveCfg = Debug|Any CPU
		{8F836193-3A96-442F-BD31-6EC52647F4C3}.Debug|Any CPU.Build.0 = Debug|Any CPU
		{8F836193-3A96-442F-BD31-6EC52647F4C3}.Release|Any CPU.ActiveCfg = Release|Any CPU
		{8F836193-3A96-442F-BD31-6EC52647F4C3}.Release|Any CPU.Build.0 = Release|Any CPU
		{E3386395-177C-4976-8986-89E2223C6DDB}.Debug|Any CPU.ActiveCfg = Debug|Any CPU
		{E3386395-177C-4976-8986-89E2223C6DDB}.Debug|Any CPU.Build.0 = Debug|Any CPU
		{E3386395-177C-4976-8986-89E2223C6DDB}.Release|Any CPU.ActiveCfg = Release|Any CPU
		{E3386395-177C-4976-8986-89E2223C6DDB}.Release|Any CPU.Build.0 = Release|Any CPU
		{6341F9C0-B0FD-4C4D-BAC4-D29535C6A40A}.Debug|Any CPU.ActiveCfg = Debug|Any CPU
		{6341F9C0-B0FD-4C4D-BAC4-D29535C6A40A}.Debug|Any CPU.Build.0 = Debug|Any CPU
		{6341F9C0-B0FD-4C4D-BAC4-D29535C6A40A}.Release|Any CPU.ActiveCfg = Release|Any CPU
		{6341F9C0-B0FD-4C4D-BAC4-D29535C6A40A}.Release|Any CPU.Build.0 = Release|Any CPU
	EndGlobalSection
	GlobalSection(SolutionProperties) = preSolution
		HideSolutionNode = FALSE
	EndGlobalSection
	GlobalSection(ExtensibilityGlobals) = postSolution
		SolutionGuid = {D36675BA-F863-45C4-B09C-6F43DE436134}
	EndGlobalSection
EndGlobal
